
Microsoft Visual Studio Solution File, Format Version 12.00
# Visual Studio Version 17
VisualStudioVersion = 17.0.31808.319
MinimumVisualStudioVersion = 10.0.40219.1
Project("{FAE04EC0-301F-11D3-BF4B-00C04F79EFBC}") = "ApiProjectTony", "ApiProjectTony\ApiProjectTony.csproj", "{17E394BA-9C3E-49AE-9909-356F1E248FB3}"
EndProject
Global
	GlobalSection(SolutionConfigurationPlatforms) = preSolution
		Debug|Any CPU = Debug|Any CPU
		Release|Any CPU = Release|Any CPU
	EndGlobalSection
	GlobalSection(ProjectConfigurationPlatforms) = postSolution
		{17E394BA-9C3E-49AE-9909-356F1E248FB3}.Debug|Any CPU.ActiveCfg = Debug|Any CPU
		{17E394BA-9C3E-49AE-9909-356F1E248FB3}.Debug|Any CPU.Build.0 = Debug|Any CPU
		{17E394BA-9C3E-49AE-9909-356F1E248FB3}.Release|Any CPU.ActiveCfg = Release|Any CPU
		{17E394BA-9C3E-49AE-9909-356F1E248FB3}.Release|Any CPU.Build.0 = Release|Any CPU
	EndGlobalSection
	GlobalSection(SolutionProperties) = preSolution
		HideSolutionNode = FALSE
	EndGlobalSection
	GlobalSection(ExtensibilityGlobals) = postSolution
		SolutionGuid = {44BA7B8B-6EA4-46B7-8B82-1BECB90B64BA}
	EndGlobalSection
EndGlobal
